{
  "nodes": {
    "HTTP": {
      "flake": false,
      "locked": {
        "lastModified": 1451647621,
        "narHash": "sha256-oHIyw3x0iKBexEo49YeUDV1k74ZtyYKGR2gNJXXRxts=",
        "owner": "phadej",
        "repo": "HTTP",
        "rev": "9bc0996d412fef1787449d841277ef663ad9a915",
        "type": "github"
      },
      "original": {
        "owner": "phadej",
        "repo": "HTTP",
        "type": "github"
      }
    },
    "cabal-32": {
      "flake": false,
      "locked": {
        "lastModified": 1603716527,
        "narHash": "sha256-X0TFfdD4KZpwl0Zr6x+PLxUt/VyKQfX7ylXHdmZIL+w=",
        "owner": "haskell",
        "repo": "cabal",
        "rev": "48bf10787e27364730dd37a42b603cee8d6af7ee",
        "type": "github"
      },
      "original": {
        "owner": "haskell",
        "ref": "3.2",
        "repo": "cabal",
        "type": "github"
      }
    },
    "cabal-34": {
      "flake": false,
      "locked": {
        "lastModified": 1640353650,
        "narHash": "sha256-N1t6M3/wqj90AEdRkeC8i923gQYUpzSr8b40qVOZ1Rk=",
        "owner": "haskell",
        "repo": "cabal",
        "rev": "942639c18c0cd8ec53e0a6f8d120091af35312cd",
        "type": "github"
      },
      "original": {
        "owner": "haskell",
        "ref": "3.4",
        "repo": "cabal",
        "type": "github"
      }
    },
    "cabal-36": {
      "flake": false,
      "locked": {
        "lastModified": 1641652457,
        "narHash": "sha256-BlFPKP4C4HRUJeAbdembX1Rms1LD380q9s0qVDeoAak=",
        "owner": "haskell",
        "repo": "cabal",
        "rev": "f27667f8ec360c475027dcaee0138c937477b070",
        "type": "github"
      },
      "original": {
        "owner": "haskell",
        "ref": "3.6",
        "repo": "cabal",
        "type": "github"
      }
    },
    "cardano-repo-tool": {
      "flake": false,
      "locked": {
        "lastModified": 1624584417,
        "narHash": "sha256-YSepT97PagR/1jTYV/Yer8a2GjFe9+tTwaTCHxuK50M=",
        "owner": "input-output-hk",
        "repo": "cardano-repo-tool",
        "rev": "30e826ed8f00e3e154453b122a6f3d779b2f73ec",
        "type": "github"
      },
      "original": {
        "owner": "input-output-hk",
        "repo": "cardano-repo-tool",
        "type": "github"
      }
    },
    "cardano-shell": {
      "flake": false,
      "locked": {
        "lastModified": 1608537748,
        "narHash": "sha256-PulY1GfiMgKVnBci3ex4ptk2UNYMXqGjJOxcPy2KYT4=",
        "owner": "input-output-hk",
        "repo": "cardano-shell",
        "rev": "9392c75087cb9a3d453998f4230930dea3a95725",
        "type": "github"
      },
      "original": {
        "owner": "input-output-hk",
        "repo": "cardano-shell",
        "type": "github"
      }
    },
    "flake-utils": {
      "locked": {
        "lastModified": 1644229661,
        "narHash": "sha256-1YdnJAsNy69bpcjuoKdOYQX0YxZBiCYZo4Twxerqv7k=",
        "owner": "numtide",
        "repo": "flake-utils",
        "rev": "3cecb5b042f7f209c56ffd8371b2711a290ec797",
        "type": "github"
      },
      "original": {
        "owner": "numtide",
        "repo": "flake-utils",
        "type": "github"
      }
    },
    "ghc-8.6.5-iohk": {
      "flake": false,
      "locked": {
        "lastModified": 1600920045,
        "narHash": "sha256-DO6kxJz248djebZLpSzTGD6s8WRpNI9BTwUeOf5RwY8=",
        "owner": "input-output-hk",
        "repo": "ghc",
        "rev": "95713a6ecce4551240da7c96b6176f980af75cae",
        "type": "github"
      },
      "original": {
        "owner": "input-output-hk",
        "ref": "release/8.6.5-iohk",
        "repo": "ghc",
        "type": "github"
      }
    },
    "gitignore-nix": {
      "flake": false,
      "locked": {
        "lastModified": 1611672876,
        "narHash": "sha256-qHu3uZ/o9jBHiA3MEKHJ06k7w4heOhA+4HCSIvflRxo=",
        "owner": "hercules-ci",
        "repo": "gitignore.nix",
        "rev": "211907489e9f198594c0eb0ca9256a1949c9d412",
        "type": "github"
      },
      "original": {
        "owner": "hercules-ci",
        "repo": "gitignore.nix",
        "type": "github"
      }
    },
    "hackage": {
      "flake": false,
      "locked": {
        "lastModified": 1648257157,
        "narHash": "sha256-LilHQGXmi9zQ1EfGguADIB04LZcevyhF65AcJZ0jK1E=",
        "owner": "input-output-hk",
        "repo": "hackage.nix",
        "rev": "9a149c47bdb929b48a1d4ab24d312c66a12c1141",
        "type": "github"
      },
      "original": {
        "owner": "input-output-hk",
        "repo": "hackage.nix",
        "type": "github"
      }
    },
    "hackage-nix": {
      "flake": false,
      "locked": {
        "lastModified": 1644369434,
        "narHash": "sha256-WqU6f1OhSM0UHXFW8Mhhvhz0tcij+NQVtmb6sW4RiFw=",
        "owner": "input-output-hk",
        "repo": "hackage.nix",
        "rev": "644a0d702abf84cdec62f4e620ff1034000e6146",
        "type": "github"
      },
      "original": {
        "owner": "input-output-hk",
        "repo": "hackage.nix",
        "type": "github"
      }
    },
    "haskell-language-server": {
      "flake": false,
      "locked": {
        "lastModified": 1643835246,
        "narHash": "sha256-5LQHcQmi3mUGRgJu+X/m3jeM3kdkYjLD+KwgnxBlbeU=",
        "owner": "haskell",
        "repo": "haskell-language-server",
        "rev": "024ddc8b3904f8b8e8fe67ba6b9ebd8a4bd7ce76",
        "type": "github"
      },
      "original": {
        "owner": "haskell",
        "ref": "1.6.1.1",
        "repo": "haskell-language-server",
        "type": "github"
      }
    },
    "haskell-nix": {
      "inputs": {
        "HTTP": "HTTP",
        "cabal-32": "cabal-32",
        "cabal-34": "cabal-34",
        "cabal-36": "cabal-36",
        "cardano-shell": "cardano-shell",
        "flake-utils": "flake-utils",
        "ghc-8.6.5-iohk": "ghc-8.6.5-iohk",
        "hackage": "hackage",
        "hpc-coveralls": "hpc-coveralls",
        "hydra": "hydra",
        "nix-tools": "nix-tools",
        "nixpkgs": [
          "haskell-nix",
          "nixpkgs-2105"
        ],
        "nixpkgs-2003": "nixpkgs-2003",
        "nixpkgs-2105": "nixpkgs-2105",
        "nixpkgs-2111": "nixpkgs-2111",
        "nixpkgs-unstable": "nixpkgs-unstable",
        "old-ghc-nix": "old-ghc-nix",
        "stackage": "stackage"
      },
      "locked": {
        "lastModified": 1648257339,
        "narHash": "sha256-WEFfIahFQKAwK5zoKSVmq+QHk0rNCyLVrN0RnfDBdk8=",
        "owner": "input-output-hk",
        "repo": "haskell.nix",
        "rev": "dfcc83fcd6ffc57198ce336796b71a52e9cdfdfb",
        "type": "github"
      },
      "original": {
        "owner": "input-output-hk",
        "repo": "haskell.nix",
        "type": "github"
      }
    },
    "haskell-nix_2": {
      "flake": false,
      "locked": {
        "lastModified": 1646278384,
        "narHash": "sha256-Gv1Ws3vAojjvjATcsvwAOTuOhzpxwt6tBci7EBaXxU4=",
        "owner": "input-output-hk",
        "repo": "haskell.nix",
        "rev": "7e06e14ae1b894445254fe41288bfa7dd4ccbc6f",
        "type": "github"
      },
      "original": {
        "owner": "input-output-hk",
        "repo": "haskell.nix",
        "type": "github"
      }
    },
    "hpc-coveralls": {
      "flake": false,
      "locked": {
        "lastModified": 1607498076,
        "narHash": "sha256-8uqsEtivphgZWYeUo5RDUhp6bO9j2vaaProQxHBltQk=",
        "owner": "sevanspowell",
        "repo": "hpc-coveralls",
        "rev": "14df0f7d229f4cd2e79f8eabb1a740097fdfa430",
        "type": "github"
      },
      "original": {
        "owner": "sevanspowell",
        "repo": "hpc-coveralls",
        "type": "github"
      }
    },
    "hydra": {
      "inputs": {
        "nix": "nix",
        "nixpkgs": [
          "haskell-nix",
          "hydra",
          "nix",
          "nixpkgs"
        ]
      },
      "locked": {
        "lastModified": 1646878427,
        "narHash": "sha256-KtbrofMtN8GlM7D+n90kixr7QpSlVmdN+vK5CA/aRzc=",
        "owner": "NixOS",
        "repo": "hydra",
        "rev": "28b682b85b7efc5cf7974065792a1f22203a5927",
        "type": "github"
      },
      "original": {
        "id": "hydra",
        "type": "indirect"
      }
    },
    "iohk-nix": {
      "flake": false,
      "locked": {
        "lastModified": 1626953580,
        "narHash": "sha256-iEI9aTOaZMGsjWzcrctrC0usmiagwKT2v1LSDe9/tMU=",
        "owner": "input-output-hk",
        "repo": "iohk-nix",
        "rev": "cbd497f5844249ef8fe617166337d59f2a6ebe90",
        "type": "github"
      },
      "original": {
        "owner": "input-output-hk",
        "repo": "iohk-nix",
        "type": "github"
      }
    },
    "lowdown-src": {
      "flake": false,
      "locked": {
        "lastModified": 1633514407,
        "narHash": "sha256-Dw32tiMjdK9t3ETl5fzGrutQTzh2rufgZV4A/BbxuD4=",
        "owner": "kristapsdz",
        "repo": "lowdown",
        "rev": "d2c2b44ff6c27b936ec27358a2653caaef8f73b8",
        "type": "github"
      },
      "original": {
        "owner": "kristapsdz",
        "repo": "lowdown",
        "type": "github"
      }
    },
    "nix": {
      "inputs": {
        "lowdown-src": "lowdown-src",
        "nixpkgs": "nixpkgs",
        "nixpkgs-regression": "nixpkgs-regression"
      },
      "locked": {
        "lastModified": 1643066034,
        "narHash": "sha256-xEPeMcNJVOeZtoN+d+aRwolpW8mFSEQx76HTRdlhPhg=",
        "owner": "NixOS",
        "repo": "nix",
        "rev": "a1cd7e58606a41fcf62bf8637804cf8306f17f62",
        "type": "github"
      },
      "original": {
        "owner": "NixOS",
        "ref": "2.6.0",
        "repo": "nix",
        "type": "github"
      }
    },
    "nix-tools": {
      "flake": false,
      "locked": {
        "lastModified": 1644395812,
        "narHash": "sha256-BVFk/BEsTLq5MMZvdy3ZYHKfaS3dHrsKh4+tb5t5b58=",
        "owner": "input-output-hk",
        "repo": "nix-tools",
        "rev": "d847c63b99bbec78bf83be2a61dc9f09b8a9ccc1",
        "type": "github"
      },
      "original": {
        "owner": "input-output-hk",
        "repo": "nix-tools",
        "type": "github"
      }
    },
    "nixpkgs": {
      "locked": {
        "lastModified": 1632864508,
        "narHash": "sha256-d127FIvGR41XbVRDPVvozUPQ/uRHbHwvfyKHwEt5xFM=",
        "owner": "NixOS",
        "repo": "nixpkgs",
        "rev": "82891b5e2c2359d7e58d08849e4c89511ab94234",
        "type": "github"
      },
      "original": {
        "id": "nixpkgs",
        "ref": "nixos-21.05-small",
        "type": "indirect"
      }
    },
    "nixpkgs-2003": {
      "locked": {
        "lastModified": 1620055814,
        "narHash": "sha256-8LEHoYSJiL901bTMVatq+rf8y7QtWuZhwwpKE2fyaRY=",
        "owner": "NixOS",
        "repo": "nixpkgs",
        "rev": "1db42b7fe3878f3f5f7a4f2dc210772fd080e205",
        "type": "github"
      },
      "original": {
        "owner": "NixOS",
        "ref": "nixpkgs-20.03-darwin",
        "repo": "nixpkgs",
        "type": "github"
      }
    },
    "nixpkgs-2105": {
      "locked": {
        "lastModified": 1642244250,
        "narHash": "sha256-vWpUEqQdVP4srj+/YLJRTN9vjpTs4je0cdWKXPbDItc=",
        "owner": "NixOS",
        "repo": "nixpkgs",
        "rev": "0fd9ee1aa36ce865ad273f4f07fdc093adeb5c00",
        "type": "github"
      },
      "original": {
        "owner": "NixOS",
        "ref": "nixpkgs-21.05-darwin",
        "repo": "nixpkgs",
        "type": "github"
      }
    },
    "nixpkgs-2111": {
      "locked": {
        "lastModified": 1644510859,
        "narHash": "sha256-xjpVvL5ecbyi0vxtVl/Fh9bwGlMbw3S06zE5nUzFB8A=",
        "owner": "NixOS",
        "repo": "nixpkgs",
        "rev": "0d1d5d7e3679fec9d07f2eb804d9f9fdb98378d3",
        "type": "github"
      },
      "original": {
        "owner": "NixOS",
        "ref": "nixpkgs-21.11-darwin",
        "repo": "nixpkgs",
        "type": "github"
      }
    },
    "nixpkgs-regression": {
      "locked": {
        "lastModified": 1643052045,
        "narHash": "sha256-uGJ0VXIhWKGXxkeNnq4TvV3CIOkUJ3PAoLZ3HMzNVMw=",
        "owner": "NixOS",
        "repo": "nixpkgs",
        "rev": "215d4d0fd80ca5163643b03a33fde804a29cc1e2",
        "type": "github"
      },
      "original": {
        "id": "nixpkgs",
        "rev": "215d4d0fd80ca5163643b03a33fde804a29cc1e2",
        "type": "indirect"
      }
    },
    "nixpkgs-unstable": {
      "locked": {
        "lastModified": 1644486793,
        "narHash": "sha256-EeijR4guVHgVv+JpOX3cQO+1XdrkJfGmiJ9XVsVU530=",
        "owner": "NixOS",
        "repo": "nixpkgs",
        "rev": "1882c6b7368fd284ad01b0a5b5601ef136321292",
        "type": "github"
      },
      "original": {
        "owner": "NixOS",
        "ref": "nixpkgs-unstable",
        "repo": "nixpkgs",
        "type": "github"
      }
    },
    "nixpkgs_2": {
      "flake": false,
      "locked": {
        "lastModified": 1645493675,
        "narHash": "sha256-9xundbZQbhFodsQRh6QMN1GeSXfo3y/5NL0CZcJULz0=",
        "owner": "NixOS",
        "repo": "nixpkgs",
        "rev": "74b10859829153d5c5d50f7c77b86763759e8654",
        "type": "github"
      },
      "original": {
        "owner": "NixOS",
        "ref": "nixpkgs-unstable",
        "repo": "nixpkgs",
        "type": "github"
      }
    },
    "old-ghc-nix": {
      "flake": false,
      "locked": {
        "lastModified": 1631092763,
        "narHash": "sha256-sIKgO+z7tj4lw3u6oBZxqIhDrzSkvpHtv0Kki+lh9Fg=",
        "owner": "angerman",
        "repo": "old-ghc-nix",
        "rev": "af48a7a7353e418119b6dfe3cd1463a657f342b8",
        "type": "github"
      },
      "original": {
        "owner": "angerman",
        "ref": "master",
        "repo": "old-ghc-nix",
        "type": "github"
      }
    },
    "plutus": {
      "inputs": {
        "cardano-repo-tool": "cardano-repo-tool",
        "gitignore-nix": "gitignore-nix",
        "hackage-nix": "hackage-nix",
        "haskell-language-server": "haskell-language-server",
        "haskell-nix": "haskell-nix_2",
        "iohk-nix": "iohk-nix",
        "nixpkgs": "nixpkgs_2",
        "pre-commit-hooks-nix": "pre-commit-hooks-nix",
        "sphinxcontrib-haddock": "sphinxcontrib-haddock",
        "stackage-nix": "stackage-nix"
      },
      "locked": {
        "lastModified": 1648235702,
        "narHash": "sha256-zwDTKNfgmEW5Z7YN8z+FQYhiQacEwn7wA7Z+/fjGee8=",
        "owner": "input-output-hk",
        "repo": "plutus",
        "rev": "75d60c48320068e918f1f260367d080031c970b5",
        "type": "github"
      },
      "original": {
        "owner": "input-output-hk",
        "repo": "plutus",
        "type": "github"
      }
    },
    "pre-commit-hooks-nix": {
      "flake": false,
      "locked": {
        "lastModified": 1624971177,
        "narHash": "sha256-Amf/nBj1E77RmbSSmV+hg6YOpR+rddCbbVgo5C7BS0I=",
        "owner": "cachix",
        "repo": "pre-commit-hooks.nix",
        "rev": "397f0713d007250a2c7a745e555fa16c5dc8cadb",
        "type": "github"
      },
      "original": {
        "owner": "cachix",
        "repo": "pre-commit-hooks.nix",
        "type": "github"
      }
    },
    "root": {
      "inputs": {
        "haskell-nix": "haskell-nix",
        "nixpkgs": [
          "haskell-nix",
          "nixpkgs-unstable"
        ],
        "plutus": "plutus"
      }
    },
    "sphinxcontrib-haddock": {
      "flake": false,
      "locked": {
        "lastModified": 1594136664,
        "narHash": "sha256-O9YT3iCUBHP3CEF88VDLLCO2HSP3HqkNA2q2939RnVY=",
        "owner": "michaelpj",
        "repo": "sphinxcontrib-haddock",
        "rev": "f3956b3256962b2d27d5a4e96edb7951acf5de34",
        "type": "github"
      },
      "original": {
        "owner": "michaelpj",
        "repo": "sphinxcontrib-haddock",
        "type": "github"
      }
    },
    "stackage": {
      "flake": false,
      "locked": {
        "lastModified": 1648257272,
        "narHash": "sha256-f1Hv0xXrrD6JEJOSOHLG+Z+i3lnpBmIQgdg2YH2vuPA=",
        "owner": "input-output-hk",
        "repo": "stackage.nix",
        "rev": "0675a578215137a0883797468c8f9f9b74562ade",
        "type": "github"
      },
      "original": {
        "owner": "input-output-hk",
        "repo": "stackage.nix",
        "type": "github"
      }
    },
    "stackage-nix": {
      "flake": false,
      "locked": {
        "lastModified": 1597712578,
        "narHash": "sha256-c/pcfZ6w5Yp//7oC0hErOGVVphBLc5vc4IZlWKZ/t6E=",
        "owner": "input-output-hk",
        "repo": "stackage.nix",
        "rev": "e32c8b06d56954865725514ce0d98d5d1867e43a",
        "type": "github"
      },
      "original": {
        "owner": "input-output-hk",
        "repo": "stackage.nix",
        "type": "github"
      }
    }
  },
  "root": "root",
  "version": 7
}
